{
  "pins" : [
    {
      "identity" : "vdchain",
      "kind" : "remoteSourceControl",
      "location" : "https://github.com/dankinsoid/VDChain.git",
      "state" : {
        "revision" : "c7f560dde99d999927e0fc12fad6ceb9274c17b3",
        "version" : "3.6.0"
      }
    }
  ],
  "version" : 2
}
