{
  "pins" : [
    {
      "identity" : "vdchain",
      "kind" : "remoteSourceControl",
      "location" : "https://github.com/dankinsoid/VDChain.git",
      "state" : {
        "revision" : "513e915aaf457edd00851fbe1a9b78f2f573fc8b",
        "version" : "3.0.0"
      }
    }
  ],
  "version" : 2
}
