{
  "pins" : [
    {
      "identity" : "vdchain",
      "kind" : "remoteSourceControl",
      "location" : "https://github.com/dankinsoid/VDChain.git",
      "state" : {
        "revision" : "e9aebe911eb92b522cf0fc25ccc1965673bf0c4b",
        "version" : "2.7.3"
      }
    }
  ],
  "version" : 2
}
